// !$*UTF8*$!
{
	archiveVersion = 1;
	classes = {
	};
	objectVersion = 50;
	objects = {

/* Begin PBXBuildFile section */
		264BEC58267695DE005C59B3 /* AppDelegate.swift in Sources */ = {isa = PBXBuildFile; fileRef = 264BEC57267695DE005C59B3 /* AppDelegate.swift */; };
		264BEC5A267695DE005C59B3 /* SceneDelegate.swift in Sources */ = {isa = PBXBuildFile; fileRef = 264BEC59267695DE005C59B3 /* SceneDelegate.swift */; };
		264BEC5C267695DE005C59B3 /* ViewController.swift in Sources */ = {isa = PBXBuildFile; fileRef = 264BEC5B267695DE005C59B3 /* ViewController.swift */; };
		264BEC5F267695DE005C59B3 /* Main.storyboard in Resources */ = {isa = PBXBuildFile; fileRef = 264BEC5D267695DE005C59B3 /* Main.storyboard */; };
		264BEC61267695DF005C59B3 /* Assets.xcassets in Resources */ = {isa = PBXBuildFile; fileRef = 264BEC60267695DF005C59B3 /* Assets.xcassets */; };
		264BEC64267695DF005C59B3 /* LaunchScreen.storyboard in Resources */ = {isa = PBXBuildFile; fileRef = 264BEC62267695DF005C59B3 /* LaunchScreen.storyboard */; };
		264BEC6C26769627005C59B3 /* Sign.swift in Sources */ = {isa = PBXBuildFile; fileRef = 264BEC6B26769627005C59B3 /* Sign.swift */; };
		264BEC6E26769711005C59B3 /* GameState.swift in Sources */ = {isa = PBXBuildFile; fileRef = 264BEC6D26769711005C59B3 /* GameState.swift */; };
		264BEC7126776032005C59B3 /* wrong.mp3 in Resources */ = {isa = PBXBuildFile; fileRef = 264BEC6F26776032005C59B3 /* wrong.mp3 */; };
		264BEC7226776032005C59B3 /* right.mp3 in Resources */ = {isa = PBXBuildFile; fileRef = 264BEC7026776032005C59B3 /* right.mp3 */; };
		264BEC742677604E005C59B3 /* SimpleSound.swift in Sources */ = {isa = PBXBuildFile; fileRef = 264BEC732677604E005C59B3 /* SimpleSound.swift */; };
		264BEC7626776249005C59B3 /* reset.mp3 in Resources */ = {isa = PBXBuildFile; fileRef = 264BEC7526776249005C59B3 /* reset.mp3 */; };
/* End PBXBuildFile section */

/* Begin PBXFileReference section */
		264BEC54267695DE005C59B3 /* RPS.app */ = {isa = PBXFileReference; explicitFileType = wrapper.application; includeInIndex = 0; path = RPS.app; sourceTree = BUILT_PRODUCTS_DIR; };
		264BEC57267695DE005C59B3 /* AppDelegate.swift */ = {isa = PBXFileReference; lastKnownFileType = sourcecode.swift; path = AppDelegate.swift; sourceTree = "<group>"; };
		264BEC59267695DE005C59B3 /* SceneDelegate.swift */ = {isa = PBXFileReference; lastKnownFileType = sourcecode.swift; path = SceneDelegate.swift; sourceTree = "<group>"; };
		264BEC5B267695DE005C59B3 /* ViewController.swift */ = {isa = PBXFileReference; lastKnownFileType = sourcecode.swift; path = ViewController.swift; sourceTree = "<group>"; };
		264BEC5E267695DE005C59B3 /* Base */ = {isa = PBXFileReference; lastKnownFileType = file.storyboard; name = Base; path = Base.lproj/Main.storyboard; sourceTree = "<group>"; };
		264BEC60267695DF005C59B3 /* Assets.xcassets */ = {isa = PBXFileReference; lastKnownFileType = folder.assetcatalog; path = Assets.xcassets; sourceTree = "<group>"; };
		264BEC63267695DF005C59B3 /* Base */ = {isa = PBXFileReference; lastKnownFileType = file.storyboard; name = Base; path = Base.lproj/LaunchScreen.storyboard; sourceTree = "<group>"; };
		264BEC65267695DF005C59B3 /* Info.plist */ = {isa = PBXFileReference; lastKnownFileType = text.plist.xml; path = Info.plist; sourceTree = "<group>"; };
		264BEC6B26769627005C59B3 /* Sign.swift */ = {isa = PBXFileReference; lastKnownFileType = sourcecode.swift; path = Sign.swift; sourceTree = "<group>"; };
		264BEC6D26769711005C59B3 /* GameState.swift */ = {isa = PBXFileReference; lastKnownFileType = sourcecode.swift; path = GameState.swift; sourceTree = "<group>"; };
		264BEC6F26776032005C59B3 /* wrong.mp3 */ = {isa = PBXFileReference; lastKnownFileType = audio.mp3; path = wrong.mp3; sourceTree = "<group>"; };
		264BEC7026776032005C59B3 /* right.mp3 */ = {isa = PBXFileReference; lastKnownFileType = audio.mp3; path = right.mp3; sourceTree = "<group>"; };
		264BEC732677604E005C59B3 /* SimpleSound.swift */ = {isa = PBXFileReference; fileEncoding = 4; lastKnownFileType = sourcecode.swift; path = SimpleSound.swift; sourceTree = "<group>"; };
		264BEC7526776249005C59B3 /* reset.mp3 */ = {isa = PBXFileReference; lastKnownFileType = audio.mp3; path = reset.mp3; sourceTree = "<group>"; };
/* End PBXFileReference section */

/* Begin PBXFrameworksBuildPhase section */
		264BEC51267695DE005C59B3 /* Frameworks */ = {
			isa = PBXFrameworksBuildPhase;
			buildActionMask = 2147483647;
			files = (
			);
			runOnlyForDeploymentPostprocessing = 0;
		};
/* End PBXFrameworksBuildPhase section */

/* Begin PBXGroup section */
		264BEC4B267695DE005C59B3 = {
			isa = PBXGroup;
			children = (
				264BEC732677604E005C59B3 /* SimpleSound.swift */,
				264BEC7026776032005C59B3 /* right.mp3 */,
				264BEC6F26776032005C59B3 /* wrong.mp3 */,
				264BEC7526776249005C59B3 /* reset.mp3 */,
				264BEC6D26769711005C59B3 /* GameState.swift */,
				264BEC6B26769627005C59B3 /* Sign.swift */,
				264BEC56267695DE005C59B3 /* RPS */,
				264BEC55267695DE005C59B3 /* Products */,
			);
			sourceTree = "<group>";
		};
		264BEC55267695DE005C59B3 /* Products */ = {
			isa = PBXGroup;
			children = (
				264BEC54267695DE005C59B3 /* RPS.app */,
			);
			name = Products;
			sourceTree = "<group>";
		};
		264BEC56267695DE005C59B3 /* RPS */ = {
			isa = PBXGroup;
			children = (
				264BEC57267695DE005C59B3 /* AppDelegate.swift */,
				264BEC59267695DE005C59B3 /* SceneDelegate.swift */,
				264BEC5B267695DE005C59B3 /* ViewController.swift */,
				264BEC5D267695DE005C59B3 /* Main.storyboard */,
				264BEC60267695DF005C59B3 /* Assets.xcassets */,
				264BEC62267695DF005C59B3 /* LaunchScreen.storyboard */,
				264BEC65267695DF005C59B3 /* Info.plist */,
			);
			path = RPS;
			sourceTree = "<group>";
		};
/* End PBXGroup section */

/* Begin PBXNativeTarget section */
		264BEC53267695DE005C59B3 /* RPS */ = {
			isa = PBXNativeTarget;
			buildConfigurationList = 264BEC68267695DF005C59B3 /* Build configuration list for PBXNativeTarget "RPS" */;
			buildPhases = (
				264BEC50267695DE005C59B3 /* Sources */,
				264BEC51267695DE005C59B3 /* Frameworks */,
				264BEC52267695DE005C59B3 /* Resources */,
			);
			buildRules = (
			);
			dependencies = (
			);
			name = RPS;
			productName = RPS;
			productReference = 264BEC54267695DE005C59B3 /* RPS.app */;
			productType = "com.apple.product-type.application";
		};
/* End PBXNativeTarget section */

/* Begin PBXProject section */
		264BEC4C267695DE005C59B3 /* Project object */ = {
			isa = PBXProject;
			attributes = {
				LastSwiftUpdateCheck = 1250;
				LastUpgradeCheck = 1250;
				TargetAttributes = {
					264BEC53267695DE005C59B3 = {
						CreatedOnToolsVersion = 12.5;
					};
				};
			};
			buildConfigurationList = 264BEC4F267695DE005C59B3 /* Build configuration list for PBXProject "RPS" */;
			compatibilityVersion = "Xcode 9.3";
			developmentRegion = en;
			hasScannedForEncodings = 0;
			knownRegions = (
				en,
				Base,
			);
			mainGroup = 264BEC4B267695DE005C59B3;
			productRefGroup = 264BEC55267695DE005C59B3 /* Products */;
			projectDirPath = "";
			projectRoot = "";
			targets = (
				264BEC53267695DE005C59B3 /* RPS */,
			);
		};
/* End PBXProject section */

/* Begin PBXResourcesBuildPhase section */
		264BEC52267695DE005C59B3 /* Resources */ = {
			isa = PBXResourcesBuildPhase;
			buildActionMask = 2147483647;
			files = (
				264BEC7226776032005C59B3 /* right.mp3 in Resources */,
				264BEC7126776032005C59B3 /* wrong.mp3 in Resources */,
				264BEC64267695DF005C59B3 /* LaunchScreen.storyboard in Resources */,
				264BEC61267695DF005C59B3 /* Assets.xcassets in Resources */,
				264BEC7626776249005C59B3 /* reset.mp3 in Resources */,
				264BEC5F267695DE005C59B3 /* Main.storyboard in Resources */,
			);
			runOnlyForDeploymentPostprocessing = 0;
		};
/* End PBXResourcesBuildPhase section */

/* Begin PBXSourcesBuildPhase section */
		264BEC50267695DE005C59B3 /* Sources */ = {
			isa = PBXSourcesBuildPhase;
			buildActionMask = 2147483647;
			files = (
				264BEC5C267695DE005C59B3 /* ViewController.swift in Sources */,
				264BEC58267695DE005C59B3 /* AppDelegate.swift in Sources */,
				264BEC6E26769711005C59B3 /* GameState.swift in Sources */,
				264BEC742677604E005C59B3 /* SimpleSound.swift in Sources */,
				264BEC6C26769627005C59B3 /* Sign.swift in Sources */,
				264BEC5A267695DE005C59B3 /* SceneDelegate.swift in Sources */,
			);
			runOnlyForDeploymentPostprocessing = 0;
		};
/* End PBXSourcesBuildPhase section */

/* Begin PBXVariantGroup section */
		264BEC5D267695DE005C59B3 /* Main.storyboard */ = {
			isa = PBXVariantGroup;
			children = (
				264BEC5E267695DE005C59B3 /* Base */,
			);
			name = Main.storyboard;
			sourceTree = "<group>";
		};
		264BEC62267695DF005C59B3 /* LaunchScreen.storyboard */ = {
			isa = PBXVariantGroup;
			children = (
				264BEC63267695DF005C59B3 /* Base */,
			);
			name = LaunchScreen.storyboard;
			sourceTree = "<group>";
		};
/* End PBXVariantGroup section */

/* Begin XCBuildConfiguration section */
		264BEC66267695DF005C59B3 /* Debug */ = {
			isa = XCBuildConfiguration;
			buildSettings = {
				ALWAYS_SEARCH_USER_PATHS = NO;
				CLANG_ANALYZER_NONNULL = YES;
				CLANG_ANALYZER_NUMBER_OBJECT_CONVERSION = YES_AGGRESSIVE;
				CLANG_CXX_LANGUAGE_STANDARD = "gnu++14";
				CLANG_CXX_LIBRARY = "libc++";
				CLANG_ENABLE_MODULES = YES;
				CLANG_ENABLE_OBJC_ARC = YES;
				CLANG_ENABLE_OBJC_WEAK = YES;
				CLANG_WARN_BLOCK_CAPTURE_AUTORELEASING = YES;
				CLANG_WARN_BOOL_CONVERSION = YES;
				CLANG_WARN_COMMA = YES;
				CLANG_WARN_CONSTANT_CONVERSION = YES;
				CLANG_WARN_DEPRECATED_OBJC_IMPLEMENTATIONS = YES;
				CLANG_WARN_DIRECT_OBJC_ISA_USAGE = YES_ERROR;
				CLANG_WARN_DOCUMENTATION_COMMENTS = YES;
				CLANG_WARN_EMPTY_BODY = YES;
				CLANG_WARN_ENUM_CONVERSION = YES;
				CLANG_WARN_INFINITE_RECURSION = YES;
				CLANG_WARN_INT_CONVERSION = YES;
				CLANG_WARN_NON_LITERAL_NULL_CONVERSION = YES;
				CLANG_WARN_OBJC_IMPLICIT_RETAIN_SELF = YES;
				CLANG_WARN_OBJC_LITERAL_CONVERSION = YES;
				CLANG_WARN_OBJC_ROOT_CLASS = YES_ERROR;
				CLANG_WARN_QUOTED_INCLUDE_IN_FRAMEWORK_HEADER = YES;
				CLANG_WARN_RANGE_LOOP_ANALYSIS = YES;
				CLANG_WARN_STRICT_PROTOTYPES = YES;
				CLANG_WARN_SUSPICIOUS_MOVE = YES;
				CLANG_WARN_UNGUARDED_AVAILABILITY = YES_AGGRESSIVE;
				CLANG_WARN_UNREACHABLE_CODE = YES;
				CLANG_WARN__DUPLICATE_METHOD_MATCH = YES;
				COPY_PHASE_STRIP = NO;
				DEBUG_INFORMATION_FORMAT = dwarf;
				ENABLE_STRICT_OBJC_MSGSEND = YES;
				ENABLE_TESTABILITY = YES;
				GCC_C_LANGUAGE_STANDARD = gnu11;
				GCC_DYNAMIC_NO_PIC = NO;
				GCC_NO_COMMON_BLOCKS = YES;
				GCC_OPTIMIZATION_LEVEL = 0;
				GCC_PREPROCESSOR_DEFINITIONS = (
					"DEBUG=1",
					"$(inherited)",
				);
				GCC_WARN_64_TO_32_BIT_CONVERSION = YES;
				GCC_WARN_ABOUT_RETURN_TYPE = YES_ERROR;
				GCC_WARN_UNDECLARED_SELECTOR = YES;
				GCC_WARN_UNINITIALIZED_AUTOS = YES_AGGRESSIVE;
				GCC_WARN_UNUSED_FUNCTION = YES;
				GCC_WARN_UNUSED_VARIABLE = YES;
				IPHONEOS_DEPLOYMENT_TARGET = 14.5;
				MTL_ENABLE_DEBUG_INFO = INCLUDE_SOURCE;
				MTL_FAST_MATH = YES;
				ONLY_ACTIVE_ARCH = YES;
				SDKROOT = iphoneos;
				SWIFT_ACTIVE_COMPILATION_CONDITIONS = DEBUG;
				SWIFT_OPTIMIZATION_LEVEL = "-Onone";
			};
			name = Debug;
		};
		264BEC67267695DF005C59B3 /* Release */ = {
			isa = XCBuildConfiguration;
			buildSettings = {
				ALWAYS_SEARCH_USER_PATHS = NO;
				CLANG_ANALYZER_NONNULL = YES;
				CLANG_ANALYZER_NUMBER_OBJECT_CONVERSION = YES_AGGRESSIVE;
				CLANG_CXX_LANGUAGE_STANDARD = "gnu++14";
				CLANG_CXX_LIBRARY = "libc++";
				CLANG_ENABLE_MODULES = YES;
				CLANG_ENABLE_OBJC_ARC = YES;
				CLANG_ENABLE_OBJC_WEAK = YES;
				CLANG_WARN_BLOCK_CAPTURE_AUTORELEASING = YES;
				CLANG_WARN_BOOL_CONVERSION = YES;
				CLANG_WARN_COMMA = YES;
				CLANG_WARN_CONSTANT_CONVERSION = YES;
				CLANG_WARN_DEPRECATED_OBJC_IMPLEMENTATIONS = YES;
				CLANG_WARN_DIRECT_OBJC_ISA_USAGE = YES_ERROR;
				CLANG_WARN_DOCUMENTATION_COMMENTS = YES;
				CLANG_WARN_EMPTY_BODY = YES;
				CLANG_WARN_ENUM_CONVERSION = YES;
				CLANG_WARN_INFINITE_RECURSION = YES;
				CLANG_WARN_INT_CONVERSION = YES;
				CLANG_WARN_NON_LITERAL_NULL_CONVERSION = YES;
				CLANG_WARN_OBJC_IMPLICIT_RETAIN_SELF = YES;
				CLANG_WARN_OBJC_LITERAL_CONVERSION = YES;
				CLANG_WARN_OBJC_ROOT_CLASS = YES_ERROR;
				CLANG_WARN_QUOTED_INCLUDE_IN_FRAMEWORK_HEADER = YES;
				CLANG_WARN_RANGE_LOOP_ANALYSIS = YES;
				CLANG_WARN_STRICT_PROTOTYPES = YES;
				CLANG_WARN_SUSPICIOUS_MOVE = YES;
				CLANG_WARN_UNGUARDED_AVAILABILITY = YES_AGGRESSIVE;
				CLANG_WARN_UNREACHABLE_CODE = YES;
				CLANG_WARN__DUPLICATE_METHOD_MATCH = YES;
				COPY_PHASE_STRIP = NO;
				DEBUG_INFORMATION_FORMAT = "dwarf-with-dsym";
				ENABLE_NS_ASSERTIONS = NO;
				ENABLE_STRICT_OBJC_MSGSEND = YES;
				GCC_C_LANGUAGE_STANDARD = gnu11;
				GCC_NO_COMMON_BLOCKS = YES;
				GCC_WARN_64_TO_32_BIT_CONVERSION = YES;
				GCC_WARN_ABOUT_RETURN_TYPE = YES_ERROR;
				GCC_WARN_UNDECLARED_SELECTOR = YES;
				GCC_WARN_UNINITIALIZED_AUTOS = YES_AGGRESSIVE;
				GCC_WARN_UNUSED_FUNCTION = YES;
				GCC_WARN_UNUSED_VARIABLE = YES;
				IPHONEOS_DEPLOYMENT_TARGET = 14.5;
				MTL_ENABLE_DEBUG_INFO = NO;
				MTL_FAST_MATH = YES;
				SDKROOT = iphoneos;
				SWIFT_COMPILATION_MODE = wholemodule;
				SWIFT_OPTIMIZATION_LEVEL = "-O";
				VALIDATE_PRODUCT = YES;
			};
			name = Release;
		};
		264BEC69267695DF005C59B3 /* Debug */ = {
			isa = XCBuildConfiguration;
			buildSettings = {
				ASSETCATALOG_COMPILER_APPICON_NAME = AppIcon;
				ASSETCATALOG_COMPILER_GLOBAL_ACCENT_COLOR_NAME = AccentColor;
				CODE_SIGN_STYLE = Automatic;
				DEVELOPMENT_TEAM = 8AA9KJ4B84;
				INFOPLIST_FILE = RPS/Info.plist;
				LD_RUNPATH_SEARCH_PATHS = (
					"$(inherited)",
					"@executable_path/Frameworks",
				);
				PRODUCT_BUNDLE_IDENTIFIER = "Rambod-Azimi.RPS";
				PRODUCT_NAME = "$(TARGET_NAME)";
				SWIFT_VERSION = 5.0;
				TARGETED_DEVICE_FAMILY = "1,2";
			};
			name = Debug;
		};
		264BEC6A267695DF005C59B3 /* Release */ = {
			isa = XCBuildConfiguration;
			buildSettings = {
				ASSETCATALOG_COMPILER_APPICON_NAME = AppIcon;
				ASSETCATALOG_COMPILER_GLOBAL_ACCENT_COLOR_NAME = AccentColor;
				CODE_SIGN_STYLE = Automatic;
				DEVELOPMENT_TEAM = 8AA9KJ4B84;
				INFOPLIST_FILE = RPS/Info.plist;
				LD_RUNPATH_SEARCH_PATHS = (
					"$(inherited)",
					"@executable_path/Frameworks",
				);
				PRODUCT_BUNDLE_IDENTIFIER = "Rambod-Azimi.RPS";
				PRODUCT_NAME = "$(TARGET_NAME)";
				SWIFT_VERSION = 5.0;
				TARGETED_DEVICE_FAMILY = "1,2";
			};
			name = Release;
		};
/* End XCBuildConfiguration section */

/* Begin XCConfigurationList section */
		264BEC4F267695DE005C59B3 /* Build configuration list for PBXProject "RPS" */ = {
			isa = XCConfigurationList;
			buildConfigurations = (
				264BEC66267695DF005C59B3 /* Debug */,
				264BEC67267695DF005C59B3 /* Release */,
			);
			defaultConfigurationIsVisible = 0;
			defaultConfigurationName = Release;
		};
		264BEC68267695DF005C59B3 /* Build configuration list for PBXNativeTarget "RPS" */ = {
			isa = XCConfigurationList;
			buildConfigurations = (
				264BEC69267695DF005C59B3 /* Debug */,
				264BEC6A267695DF005C59B3 /* Release */,
			);
			defaultConfigurationIsVisible = 0;
			defaultConfigurationName = Release;
		};
/* End XCConfigurationList section */
	};
	rootObject = 264BEC4C267695DE005C59B3 /* Project object */;
}
